
Microsoft Visual Studio Solution File, Format Version 12.00
# Visual Studio 15
VisualStudioVersion = 15.0.26730.12
MinimumVisualStudioVersion = 10.0.40219.1
Project("{9A19103F-16F7-4668-BE54-9A1E7A4F7556}") = "WebApp", "Content\WebApp\WebApp.csproj", "{91A3BD8E-E3F4-4A4B-A66A-69870825B1A4}"
EndProject
Project("{FAE04EC0-301F-11D3-BF4B-00C04F79EFBC}") = "cloudscribeTemplate", "cloudscribeTemplate\cloudscribeTemplate.csproj", "{318C9832-9FE4-45F1-B7A4-AC6862404F67}"
EndProject
Global
	GlobalSection(SolutionConfigurationPlatforms) = preSolution
		Debug|Any CPU = Debug|Any CPU
		Release|Any CPU = Release|Any CPU
	EndGlobalSection
	GlobalSection(ProjectConfigurationPlatforms) = postSolution
		{91A3BD8E-E3F4-4A4B-A66A-69870825B1A4}.Debug|Any CPU.ActiveCfg = Debug|Any CPU
		{91A3BD8E-E3F4-4A4B-A66A-69870825B1A4}.Debug|Any CPU.Build.0 = Debug|Any CPU
		{91A3BD8E-E3F4-4A4B-A66A-69870825B1A4}.Release|Any CPU.ActiveCfg = Release|Any CPU
		{91A3BD8E-E3F4-4A4B-A66A-69870825B1A4}.Release|Any CPU.Build.0 = Release|Any CPU
		{318C9832-9FE4-45F1-B7A4-AC6862404F67}.Debug|Any CPU.ActiveCfg = Debug|Any CPU
		{318C9832-9FE4-45F1-B7A4-AC6862404F67}.Debug|Any CPU.Build.0 = Debug|Any CPU
		{318C9832-9FE4-45F1-B7A4-AC6862404F67}.Release|Any CPU.ActiveCfg = Release|Any CPU
		{318C9832-9FE4-45F1-B7A4-AC6862404F67}.Release|Any CPU.Build.0 = Release|Any CPU
	EndGlobalSection
	GlobalSection(SolutionProperties) = preSolution
		HideSolutionNode = FALSE
	EndGlobalSection
	GlobalSection(ExtensibilityGlobals) = postSolution
		SolutionGuid = {2487A851-F169-4006-B0F0-959F38DC05CD}
	EndGlobalSection
EndGlobal
